
Microsoft Visual Studio Solution File, Format Version 12.00
# Visual Studio Version 17
VisualStudioVersion = 17.9.34701.34
MinimumVisualStudioVersion = 10.0.40219.1
Project("{FAE04EC0-301F-11D3-BF4B-00C04F79EFBC}") = "E-LEARNING-SE-102-PROJECT", "E-LEARNING-SE-102-PROJECT.csproj", "{07029043-C924-4155-A8CD-E925A3EA4E40}"
EndProject
Global
	GlobalSection(SolutionConfigurationPlatforms) = preSolution
		Debug|Any CPU = Debug|Any CPU
		Release|Any CPU = Release|Any CPU
	EndGlobalSection
	GlobalSection(ProjectConfigurationPlatforms) = postSolution
		{07029043-C924-4155-A8CD-E925A3EA4E40}.Debug|Any CPU.ActiveCfg = Debug|Any CPU
		{07029043-C924-4155-A8CD-E925A3EA4E40}.Debug|Any CPU.Build.0 = Debug|Any CPU
		{07029043-C924-4155-A8CD-E925A3EA4E40}.Release|Any CPU.ActiveCfg = Release|Any CPU
		{07029043-C924-4155-A8CD-E925A3EA4E40}.Release|Any CPU.Build.0 = Release|Any CPU
	EndGlobalSection
	GlobalSection(SolutionProperties) = preSolution
		HideSolutionNode = FALSE
	EndGlobalSection
	GlobalSection(ExtensibilityGlobals) = postSolution
		SolutionGuid = {CC0294E0-516A-4E37-A16B-99BB013F72DC}
	EndGlobalSection
EndGlobal
